
Microsoft Visual Studio Solution File, Format Version 12.00
# Visual Studio Version 17
VisualStudioVersion = 17.14.36414.22 d17.14
MinimumVisualStudioVersion = 10.0.40219.1
Project("{FAE04EC0-301F-11D3-BF4B-00C04F79EFBC}") = "Day07-Data access", "Day07-Data access\Day07-Data access.csproj", "{665A47B6-E71C-4FF7-A5B9-2ADC69D51053}"
EndProject
Global
	GlobalSection(SolutionConfigurationPlatforms) = preSolution
		Debug|Any CPU = Debug|Any CPU
		Release|Any CPU = Release|Any CPU
	EndGlobalSection
	GlobalSection(ProjectConfigurationPlatforms) = postSolution
		{665A47B6-E71C-4FF7-A5B9-2ADC69D51053}.Debug|Any CPU.ActiveCfg = Debug|Any CPU
		{665A47B6-E71C-4FF7-A5B9-2ADC69D51053}.Debug|Any CPU.Build.0 = Debug|Any CPU
		{665A47B6-E71C-4FF7-A5B9-2ADC69D51053}.Release|Any CPU.ActiveCfg = Release|Any CPU
		{665A47B6-E71C-4FF7-A5B9-2ADC69D51053}.Release|Any CPU.Build.0 = Release|Any CPU
	EndGlobalSection
	GlobalSection(SolutionProperties) = preSolution
		HideSolutionNode = FALSE
	EndGlobalSection
	GlobalSection(ExtensibilityGlobals) = postSolution
		SolutionGuid = {6BACED5E-24E4-4320-B500-015965D56F39}
	EndGlobalSection
EndGlobal
